// !$*UTF8*$!
{
	archiveVersion = 1;
	classes = {
	};
	objectVersion = 56;
	objects = {

/* Begin PBXBuildFile section */
		DE32EB022BA1BCF10010A3F0 /* AppDelegate.swift in Sources */ = {isa = PBXBuildFile; fileRef = DE32EB012BA1BCF10010A3F0 /* AppDelegate.swift */; };
		DE32EB042BA1BCF10010A3F0 /* SceneDelegate.swift in Sources */ = {isa = PBXBuildFile; fileRef = DE32EB032BA1BCF10010A3F0 /* SceneDelegate.swift */; };
		DE32EB062BA1BCF10010A3F0 /* JROpportunitiesListVC.swift in Sources */ = {isa = PBXBuildFile; fileRef = DE32EB052BA1BCF10010A3F0 /* JROpportunitiesListVC.swift */; };
		DE32EB0C2BA1BCF10010A3F0 /* JollyRoger.xcdatamodeld in Sources */ = {isa = PBXBuildFile; fileRef = DE32EB0A2BA1BCF10010A3F0 /* JollyRoger.xcdatamodeld */; };
		DE32EB0E2BA1BCF20010A3F0 /* Assets.xcassets in Resources */ = {isa = PBXBuildFile; fileRef = DE32EB0D2BA1BCF20010A3F0 /* Assets.xcassets */; };
		DE32EB112BA1BCF20010A3F0 /* LaunchScreen.storyboard in Resources */ = {isa = PBXBuildFile; fileRef = DE32EB0F2BA1BCF20010A3F0 /* LaunchScreen.storyboard */; };
		DE32EB192BA1C2400010A3F0 /* JRCoreDataService.swift in Sources */ = {isa = PBXBuildFile; fileRef = DE32EB182BA1C2400010A3F0 /* JRCoreDataService.swift */; };
		DE32EB1B2BA1C2AB0010A3F0 /* NSManagedObjectContext+Extension.swift in Sources */ = {isa = PBXBuildFile; fileRef = DE32EB1A2BA1C2AB0010A3F0 /* NSManagedObjectContext+Extension.swift */; };
		DE32EB1D2BA1C55F0010A3F0 /* JROpportunitiesService.swift in Sources */ = {isa = PBXBuildFile; fileRef = DE32EB1C2BA1C55F0010A3F0 /* JROpportunitiesService.swift */; };
		DE32EB202BA1C5E60010A3F0 /* JROpportunity.swift in Sources */ = {isa = PBXBuildFile; fileRef = DE32EB1F2BA1C5E60010A3F0 /* JROpportunity.swift */; };
		DE32EB222BA1C7750010A3F0 /* Logger+Extension.swift in Sources */ = {isa = PBXBuildFile; fileRef = DE32EB212BA1C7750010A3F0 /* Logger+Extension.swift */; };
		DE32EB242BA1C7E40010A3F0 /* String+Extension.swift in Sources */ = {isa = PBXBuildFile; fileRef = DE32EB232BA1C7E40010A3F0 /* String+Extension.swift */; };
		DE32EB262BA1C8170010A3F0 /* Localizable.xcstrings in Resources */ = {isa = PBXBuildFile; fileRef = DE32EB252BA1C8170010A3F0 /* Localizable.xcstrings */; };
		DE32EB2A2BA1C9350010A3F0 /* JROpportunityCell.swift in Sources */ = {isa = PBXBuildFile; fileRef = DE32EB292BA1C9350010A3F0 /* JROpportunityCell.swift */; };
		DE32EB2C2BA21C670010A3F0 /* JRLabel.swift in Sources */ = {isa = PBXBuildFile; fileRef = DE32EB2B2BA21C670010A3F0 /* JRLabel.swift */; };
		DE32EB2E2BA21D580010A3F0 /* Font+extension.swift in Sources */ = {isa = PBXBuildFile; fileRef = DE32EB2D2BA21D580010A3F0 /* Font+extension.swift */; };
		DE32EB302BA21DBD0010A3F0 /* EuclidFlex-Regular.otf in Resources */ = {isa = PBXBuildFile; fileRef = DE32EB2F2BA21DBD0010A3F0 /* EuclidFlex-Regular.otf */; };
		DE32EB322BA21DF10010A3F0 /* DateFormatter+Extension.swift in Sources */ = {isa = PBXBuildFile; fileRef = DE32EB312BA21DF10010A3F0 /* DateFormatter+Extension.swift */; };
		DE32EB352BA233DA0010A3F0 /* JREditOpportunityVC.swift in Sources */ = {isa = PBXBuildFile; fileRef = DE32EB342BA233DA0010A3F0 /* JREditOpportunityVC.swift */; };
		DE32EB3A2BA235E80010A3F0 /* JREditFieldCell.swift in Sources */ = {isa = PBXBuildFile; fileRef = DE32EB392BA235E80010A3F0 /* JREditFieldCell.swift */; };
		DE32EB3C2BA39BE70010A3F0 /* JREditPopupVC.swift in Sources */ = {isa = PBXBuildFile; fileRef = DE32EB3B2BA39BE70010A3F0 /* JREditPopupVC.swift */; };
		DE32EB3E2BA39D2B0010A3F0 /* Color+Extension.swift in Sources */ = {isa = PBXBuildFile; fileRef = DE32EB3D2BA39D2B0010A3F0 /* Color+Extension.swift */; };
		DE32EB402BA3A00A0010A3F0 /* JRTextField.swift in Sources */ = {isa = PBXBuildFile; fileRef = DE32EB3F2BA3A00A0010A3F0 /* JRTextField.swift */; };
		DE32EB422BA3A0990010A3F0 /* UIViewController+Extension.swift in Sources */ = {isa = PBXBuildFile; fileRef = DE32EB412BA3A0990010A3F0 /* UIViewController+Extension.swift */; };
		DE32EB442BA463870010A3F0 /* JRStatusPickerVC.swift in Sources */ = {isa = PBXBuildFile; fileRef = DE32EB432BA463870010A3F0 /* JRStatusPickerVC.swift */; };
/* End PBXBuildFile section */

/* Begin PBXFileReference section */
		DE32EAFE2BA1BCF10010A3F0 /* JollyRoger.app */ = {isa = PBXFileReference; explicitFileType = wrapper.application; includeInIndex = 0; path = JollyRoger.app; sourceTree = BUILT_PRODUCTS_DIR; };
		DE32EB012BA1BCF10010A3F0 /* AppDelegate.swift */ = {isa = PBXFileReference; lastKnownFileType = sourcecode.swift; path = AppDelegate.swift; sourceTree = "<group>"; };
		DE32EB032BA1BCF10010A3F0 /* SceneDelegate.swift */ = {isa = PBXFileReference; lastKnownFileType = sourcecode.swift; path = SceneDelegate.swift; sourceTree = "<group>"; };
		DE32EB052BA1BCF10010A3F0 /* JROpportunitiesListVC.swift */ = {isa = PBXFileReference; lastKnownFileType = sourcecode.swift; path = JROpportunitiesListVC.swift; sourceTree = "<group>"; };
		DE32EB0B2BA1BCF10010A3F0 /* JollyRoger.xcdatamodel */ = {isa = PBXFileReference; lastKnownFileType = wrapper.xcdatamodel; path = JollyRoger.xcdatamodel; sourceTree = "<group>"; };
		DE32EB0D2BA1BCF20010A3F0 /* Assets.xcassets */ = {isa = PBXFileReference; lastKnownFileType = folder.assetcatalog; path = Assets.xcassets; sourceTree = "<group>"; };
		DE32EB102BA1BCF20010A3F0 /* Base */ = {isa = PBXFileReference; lastKnownFileType = file.storyboard; name = Base; path = Base.lproj/LaunchScreen.storyboard; sourceTree = "<group>"; };
		DE32EB122BA1BCF20010A3F0 /* Info.plist */ = {isa = PBXFileReference; lastKnownFileType = text.plist.xml; path = Info.plist; sourceTree = "<group>"; };
		DE32EB182BA1C2400010A3F0 /* JRCoreDataService.swift */ = {isa = PBXFileReference; lastKnownFileType = sourcecode.swift; path = JRCoreDataService.swift; sourceTree = "<group>"; };
		DE32EB1A2BA1C2AB0010A3F0 /* NSManagedObjectContext+Extension.swift */ = {isa = PBXFileReference; lastKnownFileType = sourcecode.swift; path = "NSManagedObjectContext+Extension.swift"; sourceTree = "<group>"; };
		DE32EB1C2BA1C55F0010A3F0 /* JROpportunitiesService.swift */ = {isa = PBXFileReference; lastKnownFileType = sourcecode.swift; path = JROpportunitiesService.swift; sourceTree = "<group>"; };
		DE32EB1F2BA1C5E60010A3F0 /* JROpportunity.swift */ = {isa = PBXFileReference; lastKnownFileType = sourcecode.swift; path = JROpportunity.swift; sourceTree = "<group>"; };
		DE32EB212BA1C7750010A3F0 /* Logger+Extension.swift */ = {isa = PBXFileReference; fileEncoding = 4; lastKnownFileType = sourcecode.swift; path = "Logger+Extension.swift"; sourceTree = "<group>"; };
		DE32EB232BA1C7E40010A3F0 /* String+Extension.swift */ = {isa = PBXFileReference; lastKnownFileType = sourcecode.swift; path = "String+Extension.swift"; sourceTree = "<group>"; };
		DE32EB252BA1C8170010A3F0 /* Localizable.xcstrings */ = {isa = PBXFileReference; lastKnownFileType = text.json.xcstrings; path = Localizable.xcstrings; sourceTree = "<group>"; };
		DE32EB292BA1C9350010A3F0 /* JROpportunityCell.swift */ = {isa = PBXFileReference; lastKnownFileType = sourcecode.swift; path = JROpportunityCell.swift; sourceTree = "<group>"; };
		DE32EB2B2BA21C670010A3F0 /* JRLabel.swift */ = {isa = PBXFileReference; lastKnownFileType = sourcecode.swift; path = JRLabel.swift; sourceTree = "<group>"; };
		DE32EB2D2BA21D580010A3F0 /* Font+extension.swift */ = {isa = PBXFileReference; lastKnownFileType = sourcecode.swift; path = "Font+extension.swift"; sourceTree = "<group>"; };
		DE32EB2F2BA21DBD0010A3F0 /* EuclidFlex-Regular.otf */ = {isa = PBXFileReference; lastKnownFileType = file; path = "EuclidFlex-Regular.otf"; sourceTree = "<group>"; };
		DE32EB312BA21DF10010A3F0 /* DateFormatter+Extension.swift */ = {isa = PBXFileReference; lastKnownFileType = sourcecode.swift; path = "DateFormatter+Extension.swift"; sourceTree = "<group>"; };
		DE32EB342BA233DA0010A3F0 /* JREditOpportunityVC.swift */ = {isa = PBXFileReference; lastKnownFileType = sourcecode.swift; path = JREditOpportunityVC.swift; sourceTree = "<group>"; };
		DE32EB392BA235E80010A3F0 /* JREditFieldCell.swift */ = {isa = PBXFileReference; lastKnownFileType = sourcecode.swift; path = JREditFieldCell.swift; sourceTree = "<group>"; };
		DE32EB3B2BA39BE70010A3F0 /* JREditPopupVC.swift */ = {isa = PBXFileReference; lastKnownFileType = sourcecode.swift; path = JREditPopupVC.swift; sourceTree = "<group>"; };
		DE32EB3D2BA39D2B0010A3F0 /* Color+Extension.swift */ = {isa = PBXFileReference; lastKnownFileType = sourcecode.swift; path = "Color+Extension.swift"; sourceTree = "<group>"; };
		DE32EB3F2BA3A00A0010A3F0 /* JRTextField.swift */ = {isa = PBXFileReference; lastKnownFileType = sourcecode.swift; path = JRTextField.swift; sourceTree = "<group>"; };
		DE32EB412BA3A0990010A3F0 /* UIViewController+Extension.swift */ = {isa = PBXFileReference; lastKnownFileType = sourcecode.swift; path = "UIViewController+Extension.swift"; sourceTree = "<group>"; };
		DE32EB432BA463870010A3F0 /* JRStatusPickerVC.swift */ = {isa = PBXFileReference; lastKnownFileType = sourcecode.swift; path = JRStatusPickerVC.swift; sourceTree = "<group>"; };
/* End PBXFileReference section */

/* Begin PBXFrameworksBuildPhase section */
		DE32EAFB2BA1BCF10010A3F0 /* Frameworks */ = {
			isa = PBXFrameworksBuildPhase;
			buildActionMask = 2147483647;
			files = (
			);
			runOnlyForDeploymentPostprocessing = 0;
		};
/* End PBXFrameworksBuildPhase section */

/* Begin PBXGroup section */
		DE32EAF52BA1BCF10010A3F0 = {
			isa = PBXGroup;
			children = (
				DE32EB002BA1BCF10010A3F0 /* JollyRoger */,
				DE32EAFF2BA1BCF10010A3F0 /* Products */,
			);
			sourceTree = "<group>";
		};
		DE32EAFF2BA1BCF10010A3F0 /* Products */ = {
			isa = PBXGroup;
			children = (
				DE32EAFE2BA1BCF10010A3F0 /* JollyRoger.app */,
			);
			name = Products;
			sourceTree = "<group>";
		};
		DE32EB002BA1BCF10010A3F0 /* JollyRoger */ = {
			isa = PBXGroup;
			children = (
				DE32EB332BA21E2F0010A3F0 /* UIComponents */,
				DE32EB282BA1C82D0010A3F0 /* Extension */,
				DE32EB372BA234040010A3F0 /* Services */,
				DE32EB382BA234BE0010A3F0 /* Models */,
				DE32EB1E2BA1C5C80010A3F0 /* OpportunitiesList */,
				DE32EB362BA233EB0010A3F0 /* EditOpportunity */,
				DE32EB182BA1C2400010A3F0 /* JRCoreDataService.swift */,
				DE32EB012BA1BCF10010A3F0 /* AppDelegate.swift */,
				DE32EB032BA1BCF10010A3F0 /* SceneDelegate.swift */,
				DE32EB272BA1C8240010A3F0 /* Resources */,
				DE32EB122BA1BCF20010A3F0 /* Info.plist */,
			);
			path = JollyRoger;
			sourceTree = "<group>";
		};
		DE32EB1E2BA1C5C80010A3F0 /* OpportunitiesList */ = {
			isa = PBXGroup;
			children = (
				DE32EB052BA1BCF10010A3F0 /* JROpportunitiesListVC.swift */,
				DE32EB292BA1C9350010A3F0 /* JROpportunityCell.swift */,
			);
			path = OpportunitiesList;
			sourceTree = "<group>";
		};
		DE32EB272BA1C8240010A3F0 /* Resources */ = {
			isa = PBXGroup;
			children = (
				DE32EB2F2BA21DBD0010A3F0 /* EuclidFlex-Regular.otf */,
				DE32EB252BA1C8170010A3F0 /* Localizable.xcstrings */,
				DE32EB0D2BA1BCF20010A3F0 /* Assets.xcassets */,
				DE32EB0F2BA1BCF20010A3F0 /* LaunchScreen.storyboard */,
				DE32EB0A2BA1BCF10010A3F0 /* JollyRoger.xcdatamodeld */,
			);
			path = Resources;
			sourceTree = "<group>";
		};
		DE32EB282BA1C82D0010A3F0 /* Extension */ = {
			isa = PBXGroup;
			children = (
				DE32EB1A2BA1C2AB0010A3F0 /* NSManagedObjectContext+Extension.swift */,
				DE32EB232BA1C7E40010A3F0 /* String+Extension.swift */,
				DE32EB312BA21DF10010A3F0 /* DateFormatter+Extension.swift */,
				DE32EB212BA1C7750010A3F0 /* Logger+Extension.swift */,
				DE32EB2D2BA21D580010A3F0 /* Font+extension.swift */,
				DE32EB3D2BA39D2B0010A3F0 /* Color+Extension.swift */,
				DE32EB412BA3A0990010A3F0 /* UIViewController+Extension.swift */,
			);
			path = Extension;
			sourceTree = "<group>";
		};
		DE32EB332BA21E2F0010A3F0 /* UIComponents */ = {
			isa = PBXGroup;
			children = (
				DE32EB2B2BA21C670010A3F0 /* JRLabel.swift */,
				DE32EB3F2BA3A00A0010A3F0 /* JRTextField.swift */,
				DE32EB3B2BA39BE70010A3F0 /* JREditPopupVC.swift */,
				DE32EB432BA463870010A3F0 /* JRStatusPickerVC.swift */,
			);
			path = UIComponents;
			sourceTree = "<group>";
		};
		DE32EB362BA233EB0010A3F0 /* EditOpportunity */ = {
			isa = PBXGroup;
			children = (
				DE32EB342BA233DA0010A3F0 /* JREditOpportunityVC.swift */,
				DE32EB392BA235E80010A3F0 /* JREditFieldCell.swift */,
			);
			path = EditOpportunity;
			sourceTree = "<group>";
		};
		DE32EB372BA234040010A3F0 /* Services */ = {
			isa = PBXGroup;
			children = (
				DE32EB1C2BA1C55F0010A3F0 /* JROpportunitiesService.swift */,
			);
			path = Services;
			sourceTree = "<group>";
		};
		DE32EB382BA234BE0010A3F0 /* Models */ = {
			isa = PBXGroup;
			children = (
				DE32EB1F2BA1C5E60010A3F0 /* JROpportunity.swift */,
			);
			path = Models;
			sourceTree = "<group>";
		};
/* End PBXGroup section */

/* Begin PBXNativeTarget section */
		DE32EAFD2BA1BCF10010A3F0 /* JollyRoger */ = {
			isa = PBXNativeTarget;
			buildConfigurationList = DE32EB152BA1BCF20010A3F0 /* Build configuration list for PBXNativeTarget "JollyRoger" */;
			buildPhases = (
				DE32EAFA2BA1BCF10010A3F0 /* Sources */,
				DE32EAFB2BA1BCF10010A3F0 /* Frameworks */,
				DE32EAFC2BA1BCF10010A3F0 /* Resources */,
			);
			buildRules = (
			);
			dependencies = (
			);
			name = JollyRoger;
			productName = JollyRoger;
			productReference = DE32EAFE2BA1BCF10010A3F0 /* JollyRoger.app */;
			productType = "com.apple.product-type.application";
		};
/* End PBXNativeTarget section */

/* Begin PBXProject section */
		DE32EAF62BA1BCF10010A3F0 /* Project object */ = {
			isa = PBXProject;
			attributes = {
				BuildIndependentTargetsInParallel = 1;
				LastSwiftUpdateCheck = 1520;
				LastUpgradeCheck = 1520;
				TargetAttributes = {
					DE32EAFD2BA1BCF10010A3F0 = {
						CreatedOnToolsVersion = 15.2;
					};
				};
			};
			buildConfigurationList = DE32EAF92BA1BCF10010A3F0 /* Build configuration list for PBXProject "JollyRoger" */;
			compatibilityVersion = "Xcode 14.0";
			developmentRegion = en;
			hasScannedForEncodings = 0;
			knownRegions = (
				en,
				Base,
			);
			mainGroup = DE32EAF52BA1BCF10010A3F0;
			productRefGroup = DE32EAFF2BA1BCF10010A3F0 /* Products */;
			projectDirPath = "";
			projectRoot = "";
			targets = (
				DE32EAFD2BA1BCF10010A3F0 /* JollyRoger */,
			);
		};
/* End PBXProject section */

/* Begin PBXResourcesBuildPhase section */
		DE32EAFC2BA1BCF10010A3F0 /* Resources */ = {
			isa = PBXResourcesBuildPhase;
			buildActionMask = 2147483647;
			files = (
				DE32EB112BA1BCF20010A3F0 /* LaunchScreen.storyboard in Resources */,
				DE32EB302BA21DBD0010A3F0 /* EuclidFlex-Regular.otf in Resources */,
				DE32EB0E2BA1BCF20010A3F0 /* Assets.xcassets in Resources */,
				DE32EB262BA1C8170010A3F0 /* Localizable.xcstrings in Resources */,
			);
			runOnlyForDeploymentPostprocessing = 0;
		};
/* End PBXResourcesBuildPhase section */

/* Begin PBXSourcesBuildPhase section */
		DE32EAFA2BA1BCF10010A3F0 /* Sources */ = {
			isa = PBXSourcesBuildPhase;
			buildActionMask = 2147483647;
			files = (
				DE32EB2C2BA21C670010A3F0 /* JRLabel.swift in Sources */,
				DE32EB3E2BA39D2B0010A3F0 /* Color+Extension.swift in Sources */,
				DE32EB0C2BA1BCF10010A3F0 /* JollyRoger.xcdatamodeld in Sources */,
				DE32EB1D2BA1C55F0010A3F0 /* JROpportunitiesService.swift in Sources */,
				DE32EB1B2BA1C2AB0010A3F0 /* NSManagedObjectContext+Extension.swift in Sources */,
				DE32EB3C2BA39BE70010A3F0 /* JREditPopupVC.swift in Sources */,
				DE32EB192BA1C2400010A3F0 /* JRCoreDataService.swift in Sources */,
				DE32EB2E2BA21D580010A3F0 /* Font+extension.swift in Sources */,
				DE32EB422BA3A0990010A3F0 /* UIViewController+Extension.swift in Sources */,
				DE32EB3A2BA235E80010A3F0 /* JREditFieldCell.swift in Sources */,
				DE32EB222BA1C7750010A3F0 /* Logger+Extension.swift in Sources */,
				DE32EB062BA1BCF10010A3F0 /* JROpportunitiesListVC.swift in Sources */,
				DE32EB022BA1BCF10010A3F0 /* AppDelegate.swift in Sources */,
				DE32EB402BA3A00A0010A3F0 /* JRTextField.swift in Sources */,
				DE32EB442BA463870010A3F0 /* JRStatusPickerVC.swift in Sources */,
				DE32EB322BA21DF10010A3F0 /* DateFormatter+Extension.swift in Sources */,
				DE32EB042BA1BCF10010A3F0 /* SceneDelegate.swift in Sources */,
				DE32EB352BA233DA0010A3F0 /* JREditOpportunityVC.swift in Sources */,
				DE32EB2A2BA1C9350010A3F0 /* JROpportunityCell.swift in Sources */,
				DE32EB242BA1C7E40010A3F0 /* String+Extension.swift in Sources */,
				DE32EB202BA1C5E60010A3F0 /* JROpportunity.swift in Sources */,
			);
			runOnlyForDeploymentPostprocessing = 0;
		};
/* End PBXSourcesBuildPhase section */

/* Begin PBXVariantGroup section */
		DE32EB0F2BA1BCF20010A3F0 /* LaunchScreen.storyboard */ = {
			isa = PBXVariantGroup;
			children = (
				DE32EB102BA1BCF20010A3F0 /* Base */,
			);
			name = LaunchScreen.storyboard;
			sourceTree = "<group>";
		};
/* End PBXVariantGroup section */

/* Begin XCBuildConfiguration section */
		DE32EB132BA1BCF20010A3F0 /* Debug */ = {
			isa = XCBuildConfiguration;
			buildSettings = {
				ALWAYS_SEARCH_USER_PATHS = NO;
				ASSETCATALOG_COMPILER_GENERATE_SWIFT_ASSET_SYMBOL_EXTENSIONS = YES;
				CLANG_ANALYZER_NONNULL = YES;
				CLANG_ANALYZER_NUMBER_OBJECT_CONVERSION = YES_AGGRESSIVE;
				CLANG_CXX_LANGUAGE_STANDARD = "gnu++20";
				CLANG_ENABLE_MODULES = YES;
				CLANG_ENABLE_OBJC_ARC = YES;
				CLANG_ENABLE_OBJC_WEAK = YES;
				CLANG_WARN_BLOCK_CAPTURE_AUTORELEASING = YES;
				CLANG_WARN_BOOL_CONVERSION = YES;
				CLANG_WARN_COMMA = YES;
				CLANG_WARN_CONSTANT_CONVERSION = YES;
				CLANG_WARN_DEPRECATED_OBJC_IMPLEMENTATIONS = YES;
				CLANG_WARN_DIRECT_OBJC_ISA_USAGE = YES_ERROR;
				CLANG_WARN_DOCUMENTATION_COMMENTS = YES;
				CLANG_WARN_EMPTY_BODY = YES;
				CLANG_WARN_ENUM_CONVERSION = YES;
				CLANG_WARN_INFINITE_RECURSION = YES;
				CLANG_WARN_INT_CONVERSION = YES;
				CLANG_WARN_NON_LITERAL_NULL_CONVERSION = YES;
				CLANG_WARN_OBJC_IMPLICIT_RETAIN_SELF = YES;
				CLANG_WARN_OBJC_LITERAL_CONVERSION = YES;
				CLANG_WARN_OBJC_ROOT_CLASS = YES_ERROR;
				CLANG_WARN_QUOTED_INCLUDE_IN_FRAMEWORK_HEADER = YES;
				CLANG_WARN_RANGE_LOOP_ANALYSIS = YES;
				CLANG_WARN_STRICT_PROTOTYPES = YES;
				CLANG_WARN_SUSPICIOUS_MOVE = YES;
				CLANG_WARN_UNGUARDED_AVAILABILITY = YES_AGGRESSIVE;
				CLANG_WARN_UNREACHABLE_CODE = YES;
				CLANG_WARN__DUPLICATE_METHOD_MATCH = YES;
				COPY_PHASE_STRIP = NO;
				DEBUG_INFORMATION_FORMAT = dwarf;
				ENABLE_STRICT_OBJC_MSGSEND = YES;
				ENABLE_TESTABILITY = YES;
				ENABLE_USER_SCRIPT_SANDBOXING = YES;
				GCC_C_LANGUAGE_STANDARD = gnu17;
				GCC_DYNAMIC_NO_PIC = NO;
				GCC_NO_COMMON_BLOCKS = YES;
				GCC_OPTIMIZATION_LEVEL = 0;
				GCC_PREPROCESSOR_DEFINITIONS = (
					"DEBUG=1",
					"$(inherited)",
				);
				GCC_WARN_64_TO_32_BIT_CONVERSION = YES;
				GCC_WARN_ABOUT_RETURN_TYPE = YES_ERROR;
				GCC_WARN_UNDECLARED_SELECTOR = YES;
				GCC_WARN_UNINITIALIZED_AUTOS = YES_AGGRESSIVE;
				GCC_WARN_UNUSED_FUNCTION = YES;
				GCC_WARN_UNUSED_VARIABLE = YES;
				IPHONEOS_DEPLOYMENT_TARGET = 17.0;
				LOCALIZATION_PREFERS_STRING_CATALOGS = YES;
				MTL_ENABLE_DEBUG_INFO = INCLUDE_SOURCE;
				MTL_FAST_MATH = YES;
				ONLY_ACTIVE_ARCH = YES;
				SDKROOT = iphoneos;
				SWIFT_ACTIVE_COMPILATION_CONDITIONS = "DEBUG $(inherited)";
				SWIFT_OPTIMIZATION_LEVEL = "-Onone";
			};
			name = Debug;
		};
		DE32EB142BA1BCF20010A3F0 /* Release */ = {
			isa = XCBuildConfiguration;
			buildSettings = {
				ALWAYS_SEARCH_USER_PATHS = NO;
				ASSETCATALOG_COMPILER_GENERATE_SWIFT_ASSET_SYMBOL_EXTENSIONS = YES;
				CLANG_ANALYZER_NONNULL = YES;
				CLANG_ANALYZER_NUMBER_OBJECT_CONVERSION = YES_AGGRESSIVE;
				CLANG_CXX_LANGUAGE_STANDARD = "gnu++20";
				CLANG_ENABLE_MODULES = YES;
				CLANG_ENABLE_OBJC_ARC = YES;
				CLANG_ENABLE_OBJC_WEAK = YES;
				CLANG_WARN_BLOCK_CAPTURE_AUTORELEASING = YES;
				CLANG_WARN_BOOL_CONVERSION = YES;
				CLANG_WARN_COMMA = YES;
				CLANG_WARN_CONSTANT_CONVERSION = YES;
				CLANG_WARN_DEPRECATED_OBJC_IMPLEMENTATIONS = YES;
				CLANG_WARN_DIRECT_OBJC_ISA_USAGE = YES_ERROR;
				CLANG_WARN_DOCUMENTATION_COMMENTS = YES;
				CLANG_WARN_EMPTY_BODY = YES;
				CLANG_WARN_ENUM_CONVERSION = YES;
				CLANG_WARN_INFINITE_RECURSION = YES;
				CLANG_WARN_INT_CONVERSION = YES;
				CLANG_WARN_NON_LITERAL_NULL_CONVERSION = YES;
				CLANG_WARN_OBJC_IMPLICIT_RETAIN_SELF = YES;
				CLANG_WARN_OBJC_LITERAL_CONVERSION = YES;
				CLANG_WARN_OBJC_ROOT_CLASS = YES_ERROR;
				CLANG_WARN_QUOTED_INCLUDE_IN_FRAMEWORK_HEADER = YES;
				CLANG_WARN_RANGE_LOOP_ANALYSIS = YES;
				CLANG_WARN_STRICT_PROTOTYPES = YES;
				CLANG_WARN_SUSPICIOUS_MOVE = YES;
				CLANG_WARN_UNGUARDED_AVAILABILITY = YES_AGGRESSIVE;
				CLANG_WARN_UNREACHABLE_CODE = YES;
				CLANG_WARN__DUPLICATE_METHOD_MATCH = YES;
				COPY_PHASE_STRIP = NO;
				DEBUG_INFORMATION_FORMAT = "dwarf-with-dsym";
				ENABLE_NS_ASSERTIONS = NO;
				ENABLE_STRICT_OBJC_MSGSEND = YES;
				ENABLE_USER_SCRIPT_SANDBOXING = YES;
				GCC_C_LANGUAGE_STANDARD = gnu17;
				GCC_NO_COMMON_BLOCKS = YES;
				GCC_WARN_64_TO_32_BIT_CONVERSION = YES;
				GCC_WARN_ABOUT_RETURN_TYPE = YES_ERROR;
				GCC_WARN_UNDECLARED_SELECTOR = YES;
				GCC_WARN_UNINITIALIZED_AUTOS = YES_AGGRESSIVE;
				GCC_WARN_UNUSED_FUNCTION = YES;
				GCC_WARN_UNUSED_VARIABLE = YES;
				IPHONEOS_DEPLOYMENT_TARGET = 17.0;
				LOCALIZATION_PREFERS_STRING_CATALOGS = YES;
				MTL_ENABLE_DEBUG_INFO = NO;
				MTL_FAST_MATH = YES;
				SDKROOT = iphoneos;
				SWIFT_COMPILATION_MODE = wholemodule;
				VALIDATE_PRODUCT = YES;
			};
			name = Release;
		};
		DE32EB162BA1BCF20010A3F0 /* Debug */ = {
			isa = XCBuildConfiguration;
			buildSettings = {
				ASSETCATALOG_COMPILER_APPICON_NAME = AppIcon;
				ASSETCATALOG_COMPILER_GLOBAL_ACCENT_COLOR_NAME = AccentColor;
				CODE_SIGN_STYLE = Automatic;
				CURRENT_PROJECT_VERSION = 1;
				DEVELOPMENT_TEAM = UAVM255T7W;
				GENERATE_INFOPLIST_FILE = YES;
				INFOPLIST_FILE = JollyRoger/Info.plist;
				INFOPLIST_KEY_LSApplicationCategoryType = "public.app-category.productivity";
				INFOPLIST_KEY_UIApplicationSupportsIndirectInputEvents = YES;
				INFOPLIST_KEY_UILaunchStoryboardName = LaunchScreen;
				INFOPLIST_KEY_UISupportedInterfaceOrientations = UIInterfaceOrientationPortrait;
				LD_RUNPATH_SEARCH_PATHS = (
					"$(inherited)",
					"@executable_path/Frameworks",
				);
				MARKETING_VERSION = 1.0;
				PRODUCT_BUNDLE_IDENTIFIER = com.icgsmartcosmetics.JollyRoger;
				PRODUCT_NAME = "$(TARGET_NAME)";
				SUPPORTED_PLATFORMS = "iphoneos iphonesimulator";
				SUPPORTS_MACCATALYST = NO;
				SUPPORTS_MAC_DESIGNED_FOR_IPHONE_IPAD = NO;
				SUPPORTS_XR_DESIGNED_FOR_IPHONE_IPAD = NO;
				SWIFT_EMIT_LOC_STRINGS = YES;
				SWIFT_VERSION = 5.0;
				TARGETED_DEVICE_FAMILY = 1;
			};
			name = Debug;
		};
		DE32EB172BA1BCF20010A3F0 /* Release */ = {
			isa = XCBuildConfiguration;
			buildSettings = {
				ASSETCATALOG_COMPILER_APPICON_NAME = AppIcon;
				ASSETCATALOG_COMPILER_GLOBAL_ACCENT_COLOR_NAME = AccentColor;
				CODE_SIGN_STYLE = Automatic;
				CURRENT_PROJECT_VERSION = 1;
				DEVELOPMENT_TEAM = UAVM255T7W;
				GENERATE_INFOPLIST_FILE = YES;
				INFOPLIST_FILE = JollyRoger/Info.plist;
				INFOPLIST_KEY_LSApplicationCategoryType = "public.app-category.productivity";
				INFOPLIST_KEY_UIApplicationSupportsIndirectInputEvents = YES;
				INFOPLIST_KEY_UILaunchStoryboardName = LaunchScreen;
				INFOPLIST_KEY_UISupportedInterfaceOrientations = UIInterfaceOrientationPortrait;
				LD_RUNPATH_SEARCH_PATHS = (
					"$(inherited)",
					"@executable_path/Frameworks",
				);
				MARKETING_VERSION = 1.0;
				PRODUCT_BUNDLE_IDENTIFIER = com.icgsmartcosmetics.JollyRoger;
				PRODUCT_NAME = "$(TARGET_NAME)";
				SUPPORTED_PLATFORMS = "iphoneos iphonesimulator";
				SUPPORTS_MACCATALYST = NO;
				SUPPORTS_MAC_DESIGNED_FOR_IPHONE_IPAD = NO;
				SUPPORTS_XR_DESIGNED_FOR_IPHONE_IPAD = NO;
				SWIFT_EMIT_LOC_STRINGS = YES;
				SWIFT_VERSION = 5.0;
				TARGETED_DEVICE_FAMILY = 1;
			};
			name = Release;
		};
/* End XCBuildConfiguration section */

/* Begin XCConfigurationList section */
		DE32EAF92BA1BCF10010A3F0 /* Build configuration list for PBXProject "JollyRoger" */ = {
			isa = XCConfigurationList;
			buildConfigurations = (
				DE32EB132BA1BCF20010A3F0 /* Debug */,
				DE32EB142BA1BCF20010A3F0 /* Release */,
			);
			defaultConfigurationIsVisible = 0;
			defaultConfigurationName = Release;
		};
		DE32EB152BA1BCF20010A3F0 /* Build configuration list for PBXNativeTarget "JollyRoger" */ = {
			isa = XCConfigurationList;
			buildConfigurations = (
				DE32EB162BA1BCF20010A3F0 /* Debug */,
				DE32EB172BA1BCF20010A3F0 /* Release */,
			);
			defaultConfigurationIsVisible = 0;
			defaultConfigurationName = Release;
		};
/* End XCConfigurationList section */

/* Begin XCVersionGroup section */
		DE32EB0A2BA1BCF10010A3F0 /* JollyRoger.xcdatamodeld */ = {
			isa = XCVersionGroup;
			children = (
				DE32EB0B2BA1BCF10010A3F0 /* JollyRoger.xcdatamodel */,
			);
			currentVersion = DE32EB0B2BA1BCF10010A3F0 /* JollyRoger.xcdatamodel */;
			path = JollyRoger.xcdatamodeld;
			sourceTree = "<group>";
			versionGroupType = wrapper.xcdatamodel;
		};
/* End XCVersionGroup section */
	};
	rootObject = DE32EAF62BA1BCF10010A3F0 /* Project object */;
}
